// !$*UTF8*$!
{
	archiveVersion = 1;
	classes = {
	};
	objectVersion = 52;
	objects = {

/* Begin PBXBuildFile section */
		336658FE25DBFCC6008CC3E0 /* AppDelegate.swift in Sources */ = {isa = PBXBuildFile; fileRef = 336658FD25DBFCC6008CC3E0 /* AppDelegate.swift */; };
		3366590025DBFCC6008CC3E0 /* SceneDelegate.swift in Sources */ = {isa = PBXBuildFile; fileRef = 336658FF25DBFCC6008CC3E0 /* SceneDelegate.swift */; };
		3366590225DBFCC6008CC3E0 /* ViewController.swift in Sources */ = {isa = PBXBuildFile; fileRef = 3366590125DBFCC6008CC3E0 /* ViewController.swift */; };
		3366590A25DBFCC6008CC3E0 /* LaunchScreen.storyboard in Resources */ = {isa = PBXBuildFile; fileRef = 3366590825DBFCC6008CC3E0 /* LaunchScreen.storyboard */; };
		3366591325DBFD03008CC3E0 /* AppTabbarController.swift in Sources */ = {isa = PBXBuildFile; fileRef = 3366591225DBFD03008CC3E0 /* AppTabbarController.swift */; };
		3366591625DBFD0C008CC3E0 /* HomeViewController.swift in Sources */ = {isa = PBXBuildFile; fileRef = 3366591525DBFD0C008CC3E0 /* HomeViewController.swift */; };
		3366591925DBFD14008CC3E0 /* SearchViewController.swift in Sources */ = {isa = PBXBuildFile; fileRef = 3366591825DBFD14008CC3E0 /* SearchViewController.swift */; };
		3366591C25DBFD1B008CC3E0 /* RecommendListViewController.swift in Sources */ = {isa = PBXBuildFile; fileRef = 3366591B25DBFD1B008CC3E0 /* RecommendListViewController.swift */; };
		3366592025DBFD24008CC3E0 /* Main.storyboard in Resources */ = {isa = PBXBuildFile; fileRef = 3366591E25DBFD24008CC3E0 /* Main.storyboard */; };
		3366592425DBFD4D008CC3E0 /* Player.storyboard in Resources */ = {isa = PBXBuildFile; fileRef = 3366592325DBFD4D008CC3E0 /* Player.storyboard */; };
		3366592725DBFD54008CC3E0 /* PlayerViewController.swift in Sources */ = {isa = PBXBuildFile; fileRef = 3366592625DBFD54008CC3E0 /* PlayerViewController.swift */; };
		3366592A25DBFD59008CC3E0 /* PlayerView.swift in Sources */ = {isa = PBXBuildFile; fileRef = 3366592925DBFD59008CC3E0 /* PlayerView.swift */; };
		3366592E25DBFD77008CC3E0 /* Assets.xcassets in Resources */ = {isa = PBXBuildFile; fileRef = 3366592D25DBFD77008CC3E0 /* Assets.xcassets */; };
		3366593225DD0961008CC3E0 /* Kingfisher in Frameworks */ = {isa = PBXBuildFile; productRef = 3366593125DD0961008CC3E0 /* Kingfisher */; };
		3366593C25DD4839008CC3E0 /* UpcomingViewController.swift in Sources */ = {isa = PBXBuildFile; fileRef = 3366593B25DD4839008CC3E0 /* UpcomingViewController.swift */; };
		3366593F25DD5194008CC3E0 /* GoogleService-Info.plist in Resources */ = {isa = PBXBuildFile; fileRef = 3366593E25DD5194008CC3E0 /* GoogleService-Info.plist */; };
		BF0FE256A99F3CB9C6683A37 /* libPods-nextNetflix.a in Frameworks */ = {isa = PBXBuildFile; fileRef = 6E7DC0B4925DE214EDDF35D8 /* libPods-nextNetflix.a */; };
/* End PBXBuildFile section */

/* Begin PBXFileReference section */
		336658FA25DBFCC6008CC3E0 /* nextNetflix.app */ = {isa = PBXFileReference; explicitFileType = wrapper.application; includeInIndex = 0; path = nextNetflix.app; sourceTree = BUILT_PRODUCTS_DIR; };
		336658FD25DBFCC6008CC3E0 /* AppDelegate.swift */ = {isa = PBXFileReference; lastKnownFileType = sourcecode.swift; path = AppDelegate.swift; sourceTree = "<group>"; };
		336658FF25DBFCC6008CC3E0 /* SceneDelegate.swift */ = {isa = PBXFileReference; lastKnownFileType = sourcecode.swift; path = SceneDelegate.swift; sourceTree = "<group>"; };
		3366590125DBFCC6008CC3E0 /* ViewController.swift */ = {isa = PBXFileReference; lastKnownFileType = sourcecode.swift; path = ViewController.swift; sourceTree = "<group>"; };
		3366590925DBFCC6008CC3E0 /* Base */ = {isa = PBXFileReference; lastKnownFileType = file.storyboard; name = Base; path = Base.lproj/LaunchScreen.storyboard; sourceTree = "<group>"; };
		3366590B25DBFCC6008CC3E0 /* Info.plist */ = {isa = PBXFileReference; lastKnownFileType = text.plist.xml; path = Info.plist; sourceTree = "<group>"; };
		3366591225DBFD03008CC3E0 /* AppTabbarController.swift */ = {isa = PBXFileReference; fileEncoding = 4; lastKnownFileType = sourcecode.swift; name = AppTabbarController.swift; path = ../../MyNetflix/MyNetflix/AppTabbarController.swift; sourceTree = "<group>"; };
		3366591525DBFD0C008CC3E0 /* HomeViewController.swift */ = {isa = PBXFileReference; fileEncoding = 4; lastKnownFileType = sourcecode.swift; name = HomeViewController.swift; path = ../../MyNetflix/MyNetflix/HomeViewController.swift; sourceTree = "<group>"; };
		3366591825DBFD14008CC3E0 /* SearchViewController.swift */ = {isa = PBXFileReference; fileEncoding = 4; lastKnownFileType = sourcecode.swift; name = SearchViewController.swift; path = ../../MyNetflix/MyNetflix/SearchViewController.swift; sourceTree = "<group>"; };
		3366591B25DBFD1B008CC3E0 /* RecommendListViewController.swift */ = {isa = PBXFileReference; fileEncoding = 4; lastKnownFileType = sourcecode.swift; name = RecommendListViewController.swift; path = ../../MyNetflix/MyNetflix/RecommendListViewController.swift; sourceTree = "<group>"; };
		3366591F25DBFD24008CC3E0 /* Base */ = {isa = PBXFileReference; lastKnownFileType = file.storyboard; name = Base; path = ../../MyNetflix/MyNetflix/Base.lproj/Main.storyboard; sourceTree = "<group>"; };
		3366592325DBFD4D008CC3E0 /* Player.storyboard */ = {isa = PBXFileReference; fileEncoding = 4; lastKnownFileType = file.storyboard; name = Player.storyboard; path = ../../MyNetflix/MyNetflix/Player.storyboard; sourceTree = "<group>"; };
		3366592625DBFD54008CC3E0 /* PlayerViewController.swift */ = {isa = PBXFileReference; fileEncoding = 4; lastKnownFileType = sourcecode.swift; name = PlayerViewController.swift; path = ../../MyNetflix/MyNetflix/PlayerViewController.swift; sourceTree = "<group>"; };
		3366592925DBFD59008CC3E0 /* PlayerView.swift */ = {isa = PBXFileReference; fileEncoding = 4; lastKnownFileType = sourcecode.swift; name = PlayerView.swift; path = ../../MyNetflix/MyNetflix/PlayerView.swift; sourceTree = "<group>"; };
		3366592D25DBFD77008CC3E0 /* Assets.xcassets */ = {isa = PBXFileReference; lastKnownFileType = folder.assetcatalog; name = Assets.xcassets; path = ../../MyNetflix/MyNetflix/Assets.xcassets; sourceTree = "<group>"; };
		3366593B25DD4839008CC3E0 /* UpcomingViewController.swift */ = {isa = PBXFileReference; lastKnownFileType = sourcecode.swift; path = UpcomingViewController.swift; sourceTree = "<group>"; };
		3366593E25DD5194008CC3E0 /* GoogleService-Info.plist */ = {isa = PBXFileReference; fileEncoding = 4; lastKnownFileType = text.plist.xml; path = "GoogleService-Info.plist"; sourceTree = "<group>"; };
		4B8947BBACE8155280918BA7 /* Pods-nextNetflix.debug.xcconfig */ = {isa = PBXFileReference; includeInIndex = 1; lastKnownFileType = text.xcconfig; name = "Pods-nextNetflix.debug.xcconfig"; path = "Target Support Files/Pods-nextNetflix/Pods-nextNetflix.debug.xcconfig"; sourceTree = "<group>"; };
		6E7DC0B4925DE214EDDF35D8 /* libPods-nextNetflix.a */ = {isa = PBXFileReference; explicitFileType = archive.ar; includeInIndex = 0; path = "libPods-nextNetflix.a"; sourceTree = BUILT_PRODUCTS_DIR; };
		FB77A2AA303752BE47205933 /* Pods-nextNetflix.release.xcconfig */ = {isa = PBXFileReference; includeInIndex = 1; lastKnownFileType = text.xcconfig; name = "Pods-nextNetflix.release.xcconfig"; path = "Target Support Files/Pods-nextNetflix/Pods-nextNetflix.release.xcconfig"; sourceTree = "<group>"; };
/* End PBXFileReference section */

/* Begin PBXFrameworksBuildPhase section */
		336658F725DBFCC6008CC3E0 /* Frameworks */ = {
			isa = PBXFrameworksBuildPhase;
			buildActionMask = 2147483647;
			files = (
				3366593225DD0961008CC3E0 /* Kingfisher in Frameworks */,
				BF0FE256A99F3CB9C6683A37 /* libPods-nextNetflix.a in Frameworks */,
			);
			runOnlyForDeploymentPostprocessing = 0;
		};
/* End PBXFrameworksBuildPhase section */

/* Begin PBXGroup section */
		336658F125DBFCC6008CC3E0 = {
			isa = PBXGroup;
			children = (
				336658FC25DBFCC6008CC3E0 /* nextNetflix */,
				336658FB25DBFCC6008CC3E0 /* Products */,
				3A629A94BAC1DFAC551B1D6A /* Pods */,
				67FFADAC8EF558F85F160596 /* Frameworks */,
			);
			sourceTree = "<group>";
		};
		336658FB25DBFCC6008CC3E0 /* Products */ = {
			isa = PBXGroup;
			children = (
				336658FA25DBFCC6008CC3E0 /* nextNetflix.app */,
			);
			name = Products;
			sourceTree = "<group>";
		};
		336658FC25DBFCC6008CC3E0 /* nextNetflix */ = {
			isa = PBXGroup;
			children = (
				336658FD25DBFCC6008CC3E0 /* AppDelegate.swift */,
				336658FF25DBFCC6008CC3E0 /* SceneDelegate.swift */,
				3366590125DBFCC6008CC3E0 /* ViewController.swift */,
				3366591225DBFD03008CC3E0 /* AppTabbarController.swift */,
				3366591525DBFD0C008CC3E0 /* HomeViewController.swift */,
				3366591825DBFD14008CC3E0 /* SearchViewController.swift */,
				3366591B25DBFD1B008CC3E0 /* RecommendListViewController.swift */,
				3366591E25DBFD24008CC3E0 /* Main.storyboard */,
				3366593B25DD4839008CC3E0 /* UpcomingViewController.swift */,
				3366592325DBFD4D008CC3E0 /* Player.storyboard */,
				3366592625DBFD54008CC3E0 /* PlayerViewController.swift */,
				3366592925DBFD59008CC3E0 /* PlayerView.swift */,
				3366592D25DBFD77008CC3E0 /* Assets.xcassets */,
				3366590825DBFCC6008CC3E0 /* LaunchScreen.storyboard */,
				3366590B25DBFCC6008CC3E0 /* Info.plist */,
				3366593E25DD5194008CC3E0 /* GoogleService-Info.plist */,
			);
			path = nextNetflix;
			sourceTree = "<group>";
		};
		3A629A94BAC1DFAC551B1D6A /* Pods */ = {
			isa = PBXGroup;
			children = (
				4B8947BBACE8155280918BA7 /* Pods-nextNetflix.debug.xcconfig */,
				FB77A2AA303752BE47205933 /* Pods-nextNetflix.release.xcconfig */,
			);
			path = Pods;
			sourceTree = "<group>";
		};
		67FFADAC8EF558F85F160596 /* Frameworks */ = {
			isa = PBXGroup;
			children = (
				6E7DC0B4925DE214EDDF35D8 /* libPods-nextNetflix.a */,
			);
			name = Frameworks;
			sourceTree = "<group>";
		};
/* End PBXGroup section */

/* Begin PBXNativeTarget section */
		336658F925DBFCC6008CC3E0 /* nextNetflix */ = {
			isa = PBXNativeTarget;
			buildConfigurationList = 3366590E25DBFCC6008CC3E0 /* Build configuration list for PBXNativeTarget "nextNetflix" */;
			buildPhases = (
				F21E1EE81959FCD6F7AED4EC /* [CP] Check Pods Manifest.lock */,
				336658F625DBFCC6008CC3E0 /* Sources */,
				336658F725DBFCC6008CC3E0 /* Frameworks */,
				336658F825DBFCC6008CC3E0 /* Resources */,
			);
			buildRules = (
			);
			dependencies = (
			);
			name = nextNetflix;
			packageProductDependencies = (
				3366593125DD0961008CC3E0 /* Kingfisher */,
			);
			productName = nextNetflix;
			productReference = 336658FA25DBFCC6008CC3E0 /* nextNetflix.app */;
			productType = "com.apple.product-type.application";
		};
/* End PBXNativeTarget section */

/* Begin PBXProject section */
		336658F225DBFCC6008CC3E0 /* Project object */ = {
			isa = PBXProject;
			attributes = {
				LastSwiftUpdateCheck = 1240;
				LastUpgradeCheck = 1240;
				TargetAttributes = {
					336658F925DBFCC6008CC3E0 = {
						CreatedOnToolsVersion = 12.4;
					};
				};
			};
			buildConfigurationList = 336658F525DBFCC6008CC3E0 /* Build configuration list for PBXProject "nextNetflix" */;
			compatibilityVersion = "Xcode 9.3";
			developmentRegion = en;
			hasScannedForEncodings = 0;
			knownRegions = (
				en,
				Base,
			);
			mainGroup = 336658F125DBFCC6008CC3E0;
			packageReferences = (
				3366593025DD0961008CC3E0 /* XCRemoteSwiftPackageReference "Kingfisher" */,
			);
			productRefGroup = 336658FB25DBFCC6008CC3E0 /* Products */;
			projectDirPath = "";
			projectRoot = "";
			targets = (
				336658F925DBFCC6008CC3E0 /* nextNetflix */,
			);
		};
/* End PBXProject section */

/* Begin PBXResourcesBuildPhase section */
		336658F825DBFCC6008CC3E0 /* Resources */ = {
			isa = PBXResourcesBuildPhase;
			buildActionMask = 2147483647;
			files = (
				3366590A25DBFCC6008CC3E0 /* LaunchScreen.storyboard in Resources */,
				3366592425DBFD4D008CC3E0 /* Player.storyboard in Resources */,
				3366593F25DD5194008CC3E0 /* GoogleService-Info.plist in Resources */,
				3366592E25DBFD77008CC3E0 /* Assets.xcassets in Resources */,
				3366592025DBFD24008CC3E0 /* Main.storyboard in Resources */,
			);
			runOnlyForDeploymentPostprocessing = 0;
		};
/* End PBXResourcesBuildPhase section */

/* Begin PBXShellScriptBuildPhase section */
		F21E1EE81959FCD6F7AED4EC /* [CP] Check Pods Manifest.lock */ = {
			isa = PBXShellScriptBuildPhase;
			buildActionMask = 2147483647;
			files = (
			);
			inputFileListPaths = (
			);
			inputPaths = (
				"${PODS_PODFILE_DIR_PATH}/Podfile.lock",
				"${PODS_ROOT}/Manifest.lock",
			);
			name = "[CP] Check Pods Manifest.lock";
			outputFileListPaths = (
			);
			outputPaths = (
				"$(DERIVED_FILE_DIR)/Pods-nextNetflix-checkManifestLockResult.txt",
			);
			runOnlyForDeploymentPostprocessing = 0;
			shellPath = /bin/sh;
			shellScript = "diff \"${PODS_PODFILE_DIR_PATH}/Podfile.lock\" \"${PODS_ROOT}/Manifest.lock\" > /dev/null\nif [ $? != 0 ] ; then\n    # print error to STDERR\n    echo \"error: The sandbox is not in sync with the Podfile.lock. Run 'pod install' or update your CocoaPods installation.\" >&2\n    exit 1\nfi\n# This output is used by Xcode 'outputs' to avoid re-running this script phase.\necho \"SUCCESS\" > \"${SCRIPT_OUTPUT_FILE_0}\"\n";
			showEnvVarsInLog = 0;
		};
/* End PBXShellScriptBuildPhase section */

/* Begin PBXSourcesBuildPhase section */
		336658F625DBFCC6008CC3E0 /* Sources */ = {
			isa = PBXSourcesBuildPhase;
			buildActionMask = 2147483647;
			files = (
				3366592A25DBFD59008CC3E0 /* PlayerView.swift in Sources */,
				3366591925DBFD14008CC3E0 /* SearchViewController.swift in Sources */,
				3366592725DBFD54008CC3E0 /* PlayerViewController.swift in Sources */,
				3366591625DBFD0C008CC3E0 /* HomeViewController.swift in Sources */,
				3366590225DBFCC6008CC3E0 /* ViewController.swift in Sources */,
				3366591C25DBFD1B008CC3E0 /* RecommendListViewController.swift in Sources */,
				3366591325DBFD03008CC3E0 /* AppTabbarController.swift in Sources */,
				336658FE25DBFCC6008CC3E0 /* AppDelegate.swift in Sources */,
				3366593C25DD4839008CC3E0 /* UpcomingViewController.swift in Sources */,
				3366590025DBFCC6008CC3E0 /* SceneDelegate.swift in Sources */,
			);
			runOnlyForDeploymentPostprocessing = 0;
		};
/* End PBXSourcesBuildPhase section */

/* Begin PBXVariantGroup section */
		3366590825DBFCC6008CC3E0 /* LaunchScreen.storyboard */ = {
			isa = PBXVariantGroup;
			children = (
				3366590925DBFCC6008CC3E0 /* Base */,
			);
			name = LaunchScreen.storyboard;
			sourceTree = "<group>";
		};
		3366591E25DBFD24008CC3E0 /* Main.storyboard */ = {
			isa = PBXVariantGroup;
			children = (
				3366591F25DBFD24008CC3E0 /* Base */,
			);
			name = Main.storyboard;
			sourceTree = "<group>";
		};
/* End PBXVariantGroup section */

/* Begin XCBuildConfiguration section */
		3366590C25DBFCC6008CC3E0 /* Debug */ = {
			isa = XCBuildConfiguration;
			buildSettings = {
				ALWAYS_SEARCH_USER_PATHS = NO;
				CLANG_ANALYZER_NONNULL = YES;
				CLANG_ANALYZER_NUMBER_OBJECT_CONVERSION = YES_AGGRESSIVE;
				CLANG_CXX_LANGUAGE_STANDARD = "gnu++14";
				CLANG_CXX_LIBRARY = "libc++";
				CLANG_ENABLE_MODULES = YES;
				CLANG_ENABLE_OBJC_ARC = YES;
				CLANG_ENABLE_OBJC_WEAK = YES;
				CLANG_WARN_BLOCK_CAPTURE_AUTORELEASING = YES;
				CLANG_WARN_BOOL_CONVERSION = YES;
				CLANG_WARN_COMMA = YES;
				CLANG_WARN_CONSTANT_CONVERSION = YES;
				CLANG_WARN_DEPRECATED_OBJC_IMPLEMENTATIONS = YES;
				CLANG_WARN_DIRECT_OBJC_ISA_USAGE = YES_ERROR;
				CLANG_WARN_DOCUMENTATION_COMMENTS = YES;
				CLANG_WARN_EMPTY_BODY = YES;
				CLANG_WARN_ENUM_CONVERSION = YES;
				CLANG_WARN_INFINITE_RECURSION = YES;
				CLANG_WARN_INT_CONVERSION = YES;
				CLANG_WARN_NON_LITERAL_NULL_CONVERSION = YES;
				CLANG_WARN_OBJC_IMPLICIT_RETAIN_SELF = YES;
				CLANG_WARN_OBJC_LITERAL_CONVERSION = YES;
				CLANG_WARN_OBJC_ROOT_CLASS = YES_ERROR;
				CLANG_WARN_QUOTED_INCLUDE_IN_FRAMEWORK_HEADER = YES;
				CLANG_WARN_RANGE_LOOP_ANALYSIS = YES;
				CLANG_WARN_STRICT_PROTOTYPES = YES;
				CLANG_WARN_SUSPICIOUS_MOVE = YES;
				CLANG_WARN_UNGUARDED_AVAILABILITY = YES_AGGRESSIVE;
				CLANG_WARN_UNREACHABLE_CODE = YES;
				CLANG_WARN__DUPLICATE_METHOD_MATCH = YES;
				COPY_PHASE_STRIP = NO;
				DEBUG_INFORMATION_FORMAT = dwarf;
				ENABLE_STRICT_OBJC_MSGSEND = YES;
				ENABLE_TESTABILITY = YES;
				GCC_C_LANGUAGE_STANDARD = gnu11;
				GCC_DYNAMIC_NO_PIC = NO;
				GCC_NO_COMMON_BLOCKS = YES;
				GCC_OPTIMIZATION_LEVEL = 0;
				GCC_PREPROCESSOR_DEFINITIONS = (
					"DEBUG=1",
					"$(inherited)",
				);
				GCC_WARN_64_TO_32_BIT_CONVERSION = YES;
				GCC_WARN_ABOUT_RETURN_TYPE = YES_ERROR;
				GCC_WARN_UNDECLARED_SELECTOR = YES;
				GCC_WARN_UNINITIALIZED_AUTOS = YES_AGGRESSIVE;
				GCC_WARN_UNUSED_FUNCTION = YES;
				GCC_WARN_UNUSED_VARIABLE = YES;
				IPHONEOS_DEPLOYMENT_TARGET = 14.4;
				MTL_ENABLE_DEBUG_INFO = INCLUDE_SOURCE;
				MTL_FAST_MATH = YES;
				ONLY_ACTIVE_ARCH = YES;
				SDKROOT = iphoneos;
				SWIFT_ACTIVE_COMPILATION_CONDITIONS = DEBUG;
				SWIFT_OPTIMIZATION_LEVEL = "-Onone";
			};
			name = Debug;
		};
		3366590D25DBFCC6008CC3E0 /* Release */ = {
			isa = XCBuildConfiguration;
			buildSettings = {
				ALWAYS_SEARCH_USER_PATHS = NO;
				CLANG_ANALYZER_NONNULL = YES;
				CLANG_ANALYZER_NUMBER_OBJECT_CONVERSION = YES_AGGRESSIVE;
				CLANG_CXX_LANGUAGE_STANDARD = "gnu++14";
				CLANG_CXX_LIBRARY = "libc++";
				CLANG_ENABLE_MODULES = YES;
				CLANG_ENABLE_OBJC_ARC = YES;
				CLANG_ENABLE_OBJC_WEAK = YES;
				CLANG_WARN_BLOCK_CAPTURE_AUTORELEASING = YES;
				CLANG_WARN_BOOL_CONVERSION = YES;
				CLANG_WARN_COMMA = YES;
				CLANG_WARN_CONSTANT_CONVERSION = YES;
				CLANG_WARN_DEPRECATED_OBJC_IMPLEMENTATIONS = YES;
				CLANG_WARN_DIRECT_OBJC_ISA_USAGE = YES_ERROR;
				CLANG_WARN_DOCUMENTATION_COMMENTS = YES;
				CLANG_WARN_EMPTY_BODY = YES;
				CLANG_WARN_ENUM_CONVERSION = YES;
				CLANG_WARN_INFINITE_RECURSION = YES;
				CLANG_WARN_INT_CONVERSION = YES;
				CLANG_WARN_NON_LITERAL_NULL_CONVERSION = YES;
				CLANG_WARN_OBJC_IMPLICIT_RETAIN_SELF = YES;
				CLANG_WARN_OBJC_LITERAL_CONVERSION = YES;
				CLANG_WARN_OBJC_ROOT_CLASS = YES_ERROR;
				CLANG_WARN_QUOTED_INCLUDE_IN_FRAMEWORK_HEADER = YES;
				CLANG_WARN_RANGE_LOOP_ANALYSIS = YES;
				CLANG_WARN_STRICT_PROTOTYPES = YES;
				CLANG_WARN_SUSPICIOUS_MOVE = YES;
				CLANG_WARN_UNGUARDED_AVAILABILITY = YES_AGGRESSIVE;
				CLANG_WARN_UNREACHABLE_CODE = YES;
				CLANG_WARN__DUPLICATE_METHOD_MATCH = YES;
				COPY_PHASE_STRIP = NO;
				DEBUG_INFORMATION_FORMAT = "dwarf-with-dsym";
				ENABLE_NS_ASSERTIONS = NO;
				ENABLE_STRICT_OBJC_MSGSEND = YES;
				GCC_C_LANGUAGE_STANDARD = gnu11;
				GCC_NO_COMMON_BLOCKS = YES;
				GCC_WARN_64_TO_32_BIT_CONVERSION = YES;
				GCC_WARN_ABOUT_RETURN_TYPE = YES_ERROR;
				GCC_WARN_UNDECLARED_SELECTOR = YES;
				GCC_WARN_UNINITIALIZED_AUTOS = YES_AGGRESSIVE;
				GCC_WARN_UNUSED_FUNCTION = YES;
				GCC_WARN_UNUSED_VARIABLE = YES;
				IPHONEOS_DEPLOYMENT_TARGET = 14.4;
				MTL_ENABLE_DEBUG_INFO = NO;
				MTL_FAST_MATH = YES;
				SDKROOT = iphoneos;
				SWIFT_COMPILATION_MODE = wholemodule;
				SWIFT_OPTIMIZATION_LEVEL = "-O";
				VALIDATE_PRODUCT = YES;
			};
			name = Release;
		};
		3366590F25DBFCC6008CC3E0 /* Debug */ = {
			isa = XCBuildConfiguration;
			baseConfigurationReference = 4B8947BBACE8155280918BA7 /* Pods-nextNetflix.debug.xcconfig */;
			buildSettings = {
				ASSETCATALOG_COMPILER_APPICON_NAME = AppIcon;
				ASSETCATALOG_COMPILER_GLOBAL_ACCENT_COLOR_NAME = AccentColor;
				CODE_SIGN_STYLE = Automatic;
				DEVELOPMENT_TEAM = 266AXC4DDD;
				INFOPLIST_FILE = nextNetflix/Info.plist;
				LD_RUNPATH_SEARCH_PATHS = (
					"$(inherited)",
					"@executable_path/Frameworks",
				);
				PRODUCT_BUNDLE_IDENTIFIER = com.chanul.nextNetflix;
				PRODUCT_NAME = "$(TARGET_NAME)";
				SWIFT_VERSION = 5.0;
				TARGETED_DEVICE_FAMILY = "1,2";
			};
			name = Debug;
		};
		3366591025DBFCC6008CC3E0 /* Release */ = {
			isa = XCBuildConfiguration;
			baseConfigurationReference = FB77A2AA303752BE47205933 /* Pods-nextNetflix.release.xcconfig */;
			buildSettings = {
				ASSETCATALOG_COMPILER_APPICON_NAME = AppIcon;
				ASSETCATALOG_COMPILER_GLOBAL_ACCENT_COLOR_NAME = AccentColor;
				CODE_SIGN_STYLE = Automatic;
				DEVELOPMENT_TEAM = 266AXC4DDD;
				INFOPLIST_FILE = nextNetflix/Info.plist;
				LD_RUNPATH_SEARCH_PATHS = (
					"$(inherited)",
					"@executable_path/Frameworks",
				);
				PRODUCT_BUNDLE_IDENTIFIER = com.chanul.nextNetflix;
				PRODUCT_NAME = "$(TARGET_NAME)";
				SWIFT_VERSION = 5.0;
				TARGETED_DEVICE_FAMILY = "1,2";
			};
			name = Release;
		};
/* End XCBuildConfiguration section */

/* Begin XCConfigurationList section */
		336658F525DBFCC6008CC3E0 /* Build configuration list for PBXProject "nextNetflix" */ = {
			isa = XCConfigurationList;
			buildConfigurations = (
				3366590C25DBFCC6008CC3E0 /* Debug */,
				3366590D25DBFCC6008CC3E0 /* Release */,
			);
			defaultConfigurationIsVisible = 0;
			defaultConfigurationName = Release;
		};
		3366590E25DBFCC6008CC3E0 /* Build configuration list for PBXNativeTarget "nextNetflix" */ = {
			isa = XCConfigurationList;
			buildConfigurations = (
				3366590F25DBFCC6008CC3E0 /* Debug */,
				3366591025DBFCC6008CC3E0 /* Release */,
			);
			defaultConfigurationIsVisible = 0;
			defaultConfigurationName = Release;
		};
/* End XCConfigurationList section */

/* Begin XCRemoteSwiftPackageReference section */
		3366593025DD0961008CC3E0 /* XCRemoteSwiftPackageReference "Kingfisher" */ = {
			isa = XCRemoteSwiftPackageReference;
			repositoryURL = "https://github.com/onevcat/Kingfisher";
			requirement = {
				kind = upToNextMajorVersion;
				minimumVersion = 6.1.1;
			};
		};
/* End XCRemoteSwiftPackageReference section */

/* Begin XCSwiftPackageProductDependency section */
		3366593125DD0961008CC3E0 /* Kingfisher */ = {
			isa = XCSwiftPackageProductDependency;
			package = 3366593025DD0961008CC3E0 /* XCRemoteSwiftPackageReference "Kingfisher" */;
			productName = Kingfisher;
		};
/* End XCSwiftPackageProductDependency section */
	};
	rootObject = 336658F225DBFCC6008CC3E0 /* Project object */;
}
